// !$*UTF8*$!
{
	archiveVersion = 1;
	classes = {
	};
	objectVersion = 56;
	objects = {

/* Begin PBXBuildFile section */
		C478FCC22C4E54C2006998D6 /* AppDelegate.swift in Sources */ = {isa = PBXBuildFile; fileRef = C478FCC12C4E54C2006998D6 /* AppDelegate.swift */; };
		C478FCC42C4E54C2006998D6 /* SceneDelegate.swift in Sources */ = {isa = PBXBuildFile; fileRef = C478FCC32C4E54C2006998D6 /* SceneDelegate.swift */; };
		C478FCCB2C4E54C2006998D6 /* Assets.xcassets in Resources */ = {isa = PBXBuildFile; fileRef = C478FCCA2C4E54C2006998D6 /* Assets.xcassets */; };
		C478FCCE2C4E54C2006998D6 /* Base in Resources */ = {isa = PBXBuildFile; fileRef = C478FCCD2C4E54C2006998D6 /* Base */; };
		C478FCD72C4E5560006998D6 /* .gitignore in Resources */ = {isa = PBXBuildFile; fileRef = C478FCD62C4E5560006998D6 /* .gitignore */; };
		C478FCE02C4E6170006998D6 /* OnboardingViewController.swift in Sources */ = {isa = PBXBuildFile; fileRef = C478FCDF2C4E6170006998D6 /* OnboardingViewController.swift */; };
		C478FCE42C4E61D0006998D6 /* BaseViewController.swift in Sources */ = {isa = PBXBuildFile; fileRef = C478FCE32C4E61D0006998D6 /* BaseViewController.swift */; };
		C478FCE72C4E620F006998D6 /* Reusable.swift in Sources */ = {isa = PBXBuildFile; fileRef = C478FCE62C4E620F006998D6 /* Reusable.swift */; };
		C478FCEB2C4E62CA006998D6 /* UIView+.swift in Sources */ = {isa = PBXBuildFile; fileRef = C478FCEA2C4E62CA006998D6 /* UIView+.swift */; };
		C478FCEF2C4E636A006998D6 /* SnapKit in Frameworks */ = {isa = PBXBuildFile; productRef = C478FCEE2C4E636A006998D6 /* SnapKit */; };
		C478FCF12C4E63B8006998D6 /* Base.swift in Sources */ = {isa = PBXBuildFile; fileRef = C478FCF02C4E63B8006998D6 /* Base.swift */; };
		C478FCF42C4E642E006998D6 /* Resource.swift in Sources */ = {isa = PBXBuildFile; fileRef = C478FCF32C4E642E006998D6 /* Resource.swift */; };
		C478FCF62C4E646B006998D6 /* UIColor+.swift in Sources */ = {isa = PBXBuildFile; fileRef = C478FCF52C4E646B006998D6 /* UIColor+.swift */; };
		C478FCF92C4E6A06006998D6 /* CommonButton.swift in Sources */ = {isa = PBXBuildFile; fileRef = C478FCF82C4E6A06006998D6 /* CommonButton.swift */; };
		C478FCFC2C4E6A3F006998D6 /* Constants.swift in Sources */ = {isa = PBXBuildFile; fileRef = C478FCFB2C4E6A3F006998D6 /* Constants.swift */; };
		C478FD012C4E7595006998D6 /* ProfileViewController.swift in Sources */ = {isa = PBXBuildFile; fileRef = C478FD002C4E7595006998D6 /* ProfileViewController.swift */; };
		C478FD042C4E81AD006998D6 /* TextFieldEffects in Frameworks */ = {isa = PBXBuildFile; productRef = C478FD032C4E81AD006998D6 /* TextFieldEffects */; };
		C478FD062C4E8367006998D6 /* TextFieldEffets+.swift in Sources */ = {isa = PBXBuildFile; fileRef = C478FD052C4E8367006998D6 /* TextFieldEffets+.swift */; };
		C478FD082C4E863A006998D6 /* UIViewController+.swift in Sources */ = {isa = PBXBuildFile; fileRef = C478FD072C4E863A006998D6 /* UIViewController+.swift */; };
		C478FD0F2C4E89B8006998D6 /* ProfileView.swift in Sources */ = {isa = PBXBuildFile; fileRef = C478FD0E2C4E89B8006998D6 /* ProfileView.swift */; };
		C478FD112C4E89D2006998D6 /* BaseView.swift in Sources */ = {isa = PBXBuildFile; fileRef = C478FD102C4E89D2006998D6 /* BaseView.swift */; };
		C478FD132C4E8B4C006998D6 /* ProfileViewModel.swift in Sources */ = {isa = PBXBuildFile; fileRef = C478FD122C4E8B4C006998D6 /* ProfileViewModel.swift */; };
		C478FD162C4E8FF2006998D6 /* User.swift in Sources */ = {isa = PBXBuildFile; fileRef = C478FD152C4E8FF2006998D6 /* User.swift */; };
		C478FD192C4E9025006998D6 /* Observable.swift in Sources */ = {isa = PBXBuildFile; fileRef = C478FD182C4E9025006998D6 /* Observable.swift */; };
		C478FD1C2C4E9340006998D6 /* UserDefaultsManager.swift in Sources */ = {isa = PBXBuildFile; fileRef = C478FD1B2C4E9340006998D6 /* UserDefaultsManager.swift */; };
		C478FD1E2C4F36AB006998D6 /* ProfileImageViewController.swift in Sources */ = {isa = PBXBuildFile; fileRef = C478FD1D2C4F36AB006998D6 /* ProfileImageViewController.swift */; };
		C478FD4B2C4FE2CA006998D6 /* MBTIButtton.swift in Sources */ = {isa = PBXBuildFile; fileRef = C478FD4A2C4FE2CA006998D6 /* MBTIButtton.swift */; };
		C478FD4D2C4FFC1F006998D6 /* ProfileImageView.swift in Sources */ = {isa = PBXBuildFile; fileRef = C478FD4C2C4FFC1F006998D6 /* ProfileImageView.swift */; };
		C478FD4F2C4FFE60006998D6 /* ProfileImageCollectionViewCell.swift in Sources */ = {isa = PBXBuildFile; fileRef = C478FD4E2C4FFE60006998D6 /* ProfileImageCollectionViewCell.swift */; };
		C478FD512C4FFE8B006998D6 /* BaseCollectionViewCell.swift in Sources */ = {isa = PBXBuildFile; fileRef = C478FD502C4FFE8B006998D6 /* BaseCollectionViewCell.swift */; };
		C478FD532C500020006998D6 /* ProfileImageViewModel.swift in Sources */ = {isa = PBXBuildFile; fileRef = C478FD522C500020006998D6 /* ProfileImageViewModel.swift */; };
		C478FD552C500CAC006998D6 /* DateFormatterManager.swift in Sources */ = {isa = PBXBuildFile; fileRef = C478FD542C500CAC006998D6 /* DateFormatterManager.swift */; };
		C478FD572C500EAF006998D6 /* ValidationManager.swift in Sources */ = {isa = PBXBuildFile; fileRef = C478FD562C500EAF006998D6 /* ValidationManager.swift */; };
		C478FD5A2C5019E9006998D6 /* TopicViewController.swift in Sources */ = {isa = PBXBuildFile; fileRef = C478FD592C5019E9006998D6 /* TopicViewController.swift */; };
		C478FD5D2C501A1F006998D6 /* RandomViewController.swift in Sources */ = {isa = PBXBuildFile; fileRef = C478FD5C2C501A1F006998D6 /* RandomViewController.swift */; };
		C478FD602C501A58006998D6 /* SearchViewController.swift in Sources */ = {isa = PBXBuildFile; fileRef = C478FD5F2C501A58006998D6 /* SearchViewController.swift */; };
		C478FD632C501A8A006998D6 /* LikeViewController.swift in Sources */ = {isa = PBXBuildFile; fileRef = C478FD622C501A8A006998D6 /* LikeViewController.swift */; };
		C478FD8A2C50C8DA006998D6 /* ProfileTitleView.swift in Sources */ = {isa = PBXBuildFile; fileRef = C478FD892C50C8DA006998D6 /* ProfileTitleView.swift */; };
		C478FD8C2C50C9DB006998D6 /* OnboardingView.swift in Sources */ = {isa = PBXBuildFile; fileRef = C478FD8B2C50C9DB006998D6 /* OnboardingView.swift */; };
		C478FD8E2C50FF21006998D6 /* TopicView.swift in Sources */ = {isa = PBXBuildFile; fileRef = C478FD8D2C50FF21006998D6 /* TopicView.swift */; };
		C478FD902C51046D006998D6 /* TopicViewModel.swift in Sources */ = {isa = PBXBuildFile; fileRef = C478FD8F2C51046D006998D6 /* TopicViewModel.swift */; };
		C478FD932C5107C9006998D6 /* EditProfileViewController.swift in Sources */ = {isa = PBXBuildFile; fileRef = C478FD922C5107C9006998D6 /* EditProfileViewController.swift */; };
		C478FD962C510FC8006998D6 /* TopicTableViewCell.swift in Sources */ = {isa = PBXBuildFile; fileRef = C478FD952C510FC8006998D6 /* TopicTableViewCell.swift */; };
		C478FD982C510FE1006998D6 /* BaseTableViewCell.swift in Sources */ = {isa = PBXBuildFile; fileRef = C478FD972C510FE1006998D6 /* BaseTableViewCell.swift */; };
		C478FD9A2C511548006998D6 /* TopicCollectionViewCell.swift in Sources */ = {isa = PBXBuildFile; fileRef = C478FD992C511548006998D6 /* TopicCollectionViewCell.swift */; };
		C478FD9C2C511CB3006998D6 /* API.swift in Sources */ = {isa = PBXBuildFile; fileRef = C478FD9B2C511CB3006998D6 /* API.swift */; };
		C478FD9F2C511D8C006998D6 /* NetworkManager.swift in Sources */ = {isa = PBXBuildFile; fileRef = C478FD9E2C511D8C006998D6 /* NetworkManager.swift */; };
		C478FDA12C511DDF006998D6 /* Router.swift in Sources */ = {isa = PBXBuildFile; fileRef = C478FDA02C511DDF006998D6 /* Router.swift */; };
		C478FDA42C512F15006998D6 /* Alamofire in Frameworks */ = {isa = PBXBuildFile; productRef = C478FDA32C512F15006998D6 /* Alamofire */; };
		C478FDA62C513685006998D6 /* Photo.swift in Sources */ = {isa = PBXBuildFile; fileRef = C478FDA52C513685006998D6 /* Photo.swift */; };
		C478FDAA2C513D16006998D6 /* Kingfisher in Frameworks */ = {isa = PBXBuildFile; productRef = C478FDA92C513D16006998D6 /* Kingfisher */; };
		C478FDAD2C5150FD006998D6 /* DetailViewController.swift in Sources */ = {isa = PBXBuildFile; fileRef = C478FDAC2C5150FD006998D6 /* DetailViewController.swift */; };
		C478FDB02C515131006998D6 /* DetailView.swift in Sources */ = {isa = PBXBuildFile; fileRef = C478FDAF2C515131006998D6 /* DetailView.swift */; };
		C478FDB22C515F2D006998D6 /* DetailViewModel.swift in Sources */ = {isa = PBXBuildFile; fileRef = C478FDB12C515F2D006998D6 /* DetailViewModel.swift */; };
		C478FDB42C516268006998D6 /* Statistics.swift in Sources */ = {isa = PBXBuildFile; fileRef = C478FDB32C516268006998D6 /* Statistics.swift */; };
		C478FDB62C51F8FD006998D6 /* SearchView.swift in Sources */ = {isa = PBXBuildFile; fileRef = C478FDB52C51F8FD006998D6 /* SearchView.swift */; };
		C478FDB92C5201B7006998D6 /* EmptyView.swift in Sources */ = {isa = PBXBuildFile; fileRef = C478FDB82C5201B7006998D6 /* EmptyView.swift */; };
		C478FDBB2C520383006998D6 /* SearchViewModel.swift in Sources */ = {isa = PBXBuildFile; fileRef = C478FDBA2C520383006998D6 /* SearchViewModel.swift */; };
		C478FDBD2C521A6B006998D6 /* Search.swift in Sources */ = {isa = PBXBuildFile; fileRef = C478FDBC2C521A6B006998D6 /* Search.swift */; };
		C478FDBF2C521FCA006998D6 /* SearchCollectionViewCell.swift in Sources */ = {isa = PBXBuildFile; fileRef = C478FDBE2C521FCA006998D6 /* SearchCollectionViewCell.swift */; };
		C478FDDB2C5334A6006998D6 /* TargetType.swift in Sources */ = {isa = PBXBuildFile; fileRef = C478FDDA2C5334A6006998D6 /* TargetType.swift */; };
		C478FDDE2C5380BB006998D6 /* EditProfileViewModel.swift in Sources */ = {isa = PBXBuildFile; fileRef = C478FDDD2C5380BB006998D6 /* EditProfileViewModel.swift */; };
		C478FDE02C53967A006998D6 /* UIButton+.swift in Sources */ = {isa = PBXBuildFile; fileRef = C478FDDF2C53967A006998D6 /* UIButton+.swift */; };
		C478FDE22C53B303006998D6 /* EditProfileImageViewController.swift in Sources */ = {isa = PBXBuildFile; fileRef = C478FDE12C53B303006998D6 /* EditProfileImageViewController.swift */; };
		C478FDE42C53B34B006998D6 /* EditProfileImageViewModel.swift in Sources */ = {isa = PBXBuildFile; fileRef = C478FDE32C53B34B006998D6 /* EditProfileImageViewModel.swift */; };
		C478FDE62C53CC07006998D6 /* UIBarButtonItem+.swift in Sources */ = {isa = PBXBuildFile; fileRef = C478FDE52C53CC07006998D6 /* UIBarButtonItem+.swift */; };
		C478FDE82C53F0D9006998D6 /* LikeView.swift in Sources */ = {isa = PBXBuildFile; fileRef = C478FDE72C53F0D9006998D6 /* LikeView.swift */; };
		C478FDEA2C53F337006998D6 /* LikeViewModel.swift in Sources */ = {isa = PBXBuildFile; fileRef = C478FDE92C53F337006998D6 /* LikeViewModel.swift */; };
		C478FDED2C53F912006998D6 /* RealmSwift in Frameworks */ = {isa = PBXBuildFile; productRef = C478FDEC2C53F912006998D6 /* RealmSwift */; };
		C478FDF02C549803006998D6 /* LikePhotoTable.swift in Sources */ = {isa = PBXBuildFile; fileRef = C478FDEF2C549803006998D6 /* LikePhotoTable.swift */; };
		C478FDF22C54A915006998D6 /* LikePhotoRepository.swift in Sources */ = {isa = PBXBuildFile; fileRef = C478FDF12C54A915006998D6 /* LikePhotoRepository.swift */; };
		C48061872C610FA3003FF7EE /* Toast in Frameworks */ = {isa = PBXBuildFile; productRef = C48061862C610FA3003FF7EE /* Toast */; };
		C4F876B82C553DD2003B7A5A /* RealmSwift in Embed Frameworks */ = {isa = PBXBuildFile; productRef = C478FDEC2C53F912006998D6 /* RealmSwift */; settings = {ATTRIBUTES = (CodeSignOnCopy, ); }; };
		C4F876BB2C564DC6003B7A5A /* DocumentFileManager.swift in Sources */ = {isa = PBXBuildFile; fileRef = C4F876BA2C564DC6003B7A5A /* DocumentFileManager.swift */; };
		C4F876BD2C568E66003B7A5A /* UIImageView+.swift in Sources */ = {isa = PBXBuildFile; fileRef = C4F876BC2C568E66003B7A5A /* UIImageView+.swift */; };
		C4F876CD2C57AF6F003B7A5A /* NetworkMonitorManager.swift in Sources */ = {isa = PBXBuildFile; fileRef = C4F876CC2C57AF6F003B7A5A /* NetworkMonitorManager.swift */; };
/* End PBXBuildFile section */

/* Begin PBXCopyFilesBuildPhase section */
		C4F876B92C553DD2003B7A5A /* Embed Frameworks */ = {
			isa = PBXCopyFilesBuildPhase;
			buildActionMask = 2147483647;
			dstPath = "";
			dstSubfolderSpec = 10;
			files = (
				C4F876B82C553DD2003B7A5A /* RealmSwift in Embed Frameworks */,
			);
			name = "Embed Frameworks";
			runOnlyForDeploymentPostprocessing = 0;
		};
/* End PBXCopyFilesBuildPhase section */

/* Begin PBXFileReference section */
		C478FCBE2C4E54C2006998D6 /* mood-folio.app */ = {isa = PBXFileReference; explicitFileType = wrapper.application; includeInIndex = 0; path = "mood-folio.app"; sourceTree = BUILT_PRODUCTS_DIR; };
		C478FCC12C4E54C2006998D6 /* AppDelegate.swift */ = {isa = PBXFileReference; lastKnownFileType = sourcecode.swift; path = AppDelegate.swift; sourceTree = "<group>"; };
		C478FCC32C4E54C2006998D6 /* SceneDelegate.swift */ = {isa = PBXFileReference; lastKnownFileType = sourcecode.swift; path = SceneDelegate.swift; sourceTree = "<group>"; };
		C478FCCA2C4E54C2006998D6 /* Assets.xcassets */ = {isa = PBXFileReference; lastKnownFileType = folder.assetcatalog; path = Assets.xcassets; sourceTree = "<group>"; };
		C478FCCD2C4E54C2006998D6 /* Base */ = {isa = PBXFileReference; lastKnownFileType = file.storyboard; name = Base; path = Base.lproj/LaunchScreen.storyboard; sourceTree = "<group>"; };
		C478FCCF2C4E54C2006998D6 /* Info.plist */ = {isa = PBXFileReference; lastKnownFileType = text.plist.xml; path = Info.plist; sourceTree = "<group>"; };
		C478FCD62C4E5560006998D6 /* .gitignore */ = {isa = PBXFileReference; lastKnownFileType = text; path = .gitignore; sourceTree = "<group>"; };
		C478FCDF2C4E6170006998D6 /* OnboardingViewController.swift */ = {isa = PBXFileReference; lastKnownFileType = sourcecode.swift; path = OnboardingViewController.swift; sourceTree = "<group>"; };
		C478FCE32C4E61D0006998D6 /* BaseViewController.swift */ = {isa = PBXFileReference; lastKnownFileType = sourcecode.swift; path = BaseViewController.swift; sourceTree = "<group>"; };
		C478FCE62C4E620F006998D6 /* Reusable.swift */ = {isa = PBXFileReference; lastKnownFileType = sourcecode.swift; path = Reusable.swift; sourceTree = "<group>"; };
		C478FCEA2C4E62CA006998D6 /* UIView+.swift */ = {isa = PBXFileReference; lastKnownFileType = sourcecode.swift; path = "UIView+.swift"; sourceTree = "<group>"; };
		C478FCF02C4E63B8006998D6 /* Base.swift */ = {isa = PBXFileReference; lastKnownFileType = sourcecode.swift; path = Base.swift; sourceTree = "<group>"; };
		C478FCF32C4E642E006998D6 /* Resource.swift */ = {isa = PBXFileReference; lastKnownFileType = sourcecode.swift; path = Resource.swift; sourceTree = "<group>"; };
		C478FCF52C4E646B006998D6 /* UIColor+.swift */ = {isa = PBXFileReference; lastKnownFileType = sourcecode.swift; path = "UIColor+.swift"; sourceTree = "<group>"; };
		C478FCF82C4E6A06006998D6 /* CommonButton.swift */ = {isa = PBXFileReference; lastKnownFileType = sourcecode.swift; path = CommonButton.swift; sourceTree = "<group>"; };
		C478FCFB2C4E6A3F006998D6 /* Constants.swift */ = {isa = PBXFileReference; lastKnownFileType = sourcecode.swift; path = Constants.swift; sourceTree = "<group>"; };
		C478FD002C4E7595006998D6 /* ProfileViewController.swift */ = {isa = PBXFileReference; lastKnownFileType = sourcecode.swift; path = ProfileViewController.swift; sourceTree = "<group>"; };
		C478FD052C4E8367006998D6 /* TextFieldEffets+.swift */ = {isa = PBXFileReference; lastKnownFileType = sourcecode.swift; path = "TextFieldEffets+.swift"; sourceTree = "<group>"; };
		C478FD072C4E863A006998D6 /* UIViewController+.swift */ = {isa = PBXFileReference; lastKnownFileType = sourcecode.swift; path = "UIViewController+.swift"; sourceTree = "<group>"; };
		C478FD0E2C4E89B8006998D6 /* ProfileView.swift */ = {isa = PBXFileReference; lastKnownFileType = sourcecode.swift; path = ProfileView.swift; sourceTree = "<group>"; };
		C478FD102C4E89D2006998D6 /* BaseView.swift */ = {isa = PBXFileReference; lastKnownFileType = sourcecode.swift; path = BaseView.swift; sourceTree = "<group>"; };
		C478FD122C4E8B4C006998D6 /* ProfileViewModel.swift */ = {isa = PBXFileReference; lastKnownFileType = sourcecode.swift; path = ProfileViewModel.swift; sourceTree = "<group>"; };
		C478FD152C4E8FF2006998D6 /* User.swift */ = {isa = PBXFileReference; lastKnownFileType = sourcecode.swift; path = User.swift; sourceTree = "<group>"; };
		C478FD182C4E9025006998D6 /* Observable.swift */ = {isa = PBXFileReference; lastKnownFileType = sourcecode.swift; path = Observable.swift; sourceTree = "<group>"; };
		C478FD1B2C4E9340006998D6 /* UserDefaultsManager.swift */ = {isa = PBXFileReference; lastKnownFileType = sourcecode.swift; path = UserDefaultsManager.swift; sourceTree = "<group>"; };
		C478FD1D2C4F36AB006998D6 /* ProfileImageViewController.swift */ = {isa = PBXFileReference; lastKnownFileType = sourcecode.swift; path = ProfileImageViewController.swift; sourceTree = "<group>"; };
		C478FD4A2C4FE2CA006998D6 /* MBTIButtton.swift */ = {isa = PBXFileReference; lastKnownFileType = sourcecode.swift; path = MBTIButtton.swift; sourceTree = "<group>"; };
		C478FD4C2C4FFC1F006998D6 /* ProfileImageView.swift */ = {isa = PBXFileReference; lastKnownFileType = sourcecode.swift; path = ProfileImageView.swift; sourceTree = "<group>"; };
		C478FD4E2C4FFE60006998D6 /* ProfileImageCollectionViewCell.swift */ = {isa = PBXFileReference; lastKnownFileType = sourcecode.swift; path = ProfileImageCollectionViewCell.swift; sourceTree = "<group>"; };
		C478FD502C4FFE8B006998D6 /* BaseCollectionViewCell.swift */ = {isa = PBXFileReference; lastKnownFileType = sourcecode.swift; path = BaseCollectionViewCell.swift; sourceTree = "<group>"; };
		C478FD522C500020006998D6 /* ProfileImageViewModel.swift */ = {isa = PBXFileReference; lastKnownFileType = sourcecode.swift; path = ProfileImageViewModel.swift; sourceTree = "<group>"; };
		C478FD542C500CAC006998D6 /* DateFormatterManager.swift */ = {isa = PBXFileReference; lastKnownFileType = sourcecode.swift; path = DateFormatterManager.swift; sourceTree = "<group>"; };
		C478FD562C500EAF006998D6 /* ValidationManager.swift */ = {isa = PBXFileReference; lastKnownFileType = sourcecode.swift; path = ValidationManager.swift; sourceTree = "<group>"; };
		C478FD592C5019E9006998D6 /* TopicViewController.swift */ = {isa = PBXFileReference; lastKnownFileType = sourcecode.swift; path = TopicViewController.swift; sourceTree = "<group>"; };
		C478FD5C2C501A1F006998D6 /* RandomViewController.swift */ = {isa = PBXFileReference; lastKnownFileType = sourcecode.swift; path = RandomViewController.swift; sourceTree = "<group>"; };
		C478FD5F2C501A58006998D6 /* SearchViewController.swift */ = {isa = PBXFileReference; lastKnownFileType = sourcecode.swift; path = SearchViewController.swift; sourceTree = "<group>"; };
		C478FD622C501A8A006998D6 /* LikeViewController.swift */ = {isa = PBXFileReference; lastKnownFileType = sourcecode.swift; path = LikeViewController.swift; sourceTree = "<group>"; };
		C478FD892C50C8DA006998D6 /* ProfileTitleView.swift */ = {isa = PBXFileReference; lastKnownFileType = sourcecode.swift; path = ProfileTitleView.swift; sourceTree = "<group>"; };
		C478FD8B2C50C9DB006998D6 /* OnboardingView.swift */ = {isa = PBXFileReference; lastKnownFileType = sourcecode.swift; path = OnboardingView.swift; sourceTree = "<group>"; };
		C478FD8D2C50FF21006998D6 /* TopicView.swift */ = {isa = PBXFileReference; lastKnownFileType = sourcecode.swift; path = TopicView.swift; sourceTree = "<group>"; };
		C478FD8F2C51046D006998D6 /* TopicViewModel.swift */ = {isa = PBXFileReference; lastKnownFileType = sourcecode.swift; path = TopicViewModel.swift; sourceTree = "<group>"; };
		C478FD922C5107C9006998D6 /* EditProfileViewController.swift */ = {isa = PBXFileReference; lastKnownFileType = sourcecode.swift; path = EditProfileViewController.swift; sourceTree = "<group>"; };
		C478FD952C510FC8006998D6 /* TopicTableViewCell.swift */ = {isa = PBXFileReference; lastKnownFileType = sourcecode.swift; path = TopicTableViewCell.swift; sourceTree = "<group>"; };
		C478FD972C510FE1006998D6 /* BaseTableViewCell.swift */ = {isa = PBXFileReference; lastKnownFileType = sourcecode.swift; path = BaseTableViewCell.swift; sourceTree = "<group>"; };
		C478FD992C511548006998D6 /* TopicCollectionViewCell.swift */ = {isa = PBXFileReference; lastKnownFileType = sourcecode.swift; path = TopicCollectionViewCell.swift; sourceTree = "<group>"; };
		C478FD9B2C511CB3006998D6 /* API.swift */ = {isa = PBXFileReference; lastKnownFileType = sourcecode.swift; path = API.swift; sourceTree = "<group>"; };
		C478FD9E2C511D8C006998D6 /* NetworkManager.swift */ = {isa = PBXFileReference; lastKnownFileType = sourcecode.swift; path = NetworkManager.swift; sourceTree = "<group>"; };
		C478FDA02C511DDF006998D6 /* Router.swift */ = {isa = PBXFileReference; lastKnownFileType = sourcecode.swift; path = Router.swift; sourceTree = "<group>"; };
		C478FDA52C513685006998D6 /* Photo.swift */ = {isa = PBXFileReference; lastKnownFileType = sourcecode.swift; path = Photo.swift; sourceTree = "<group>"; };
		C478FDAC2C5150FD006998D6 /* DetailViewController.swift */ = {isa = PBXFileReference; lastKnownFileType = sourcecode.swift; path = DetailViewController.swift; sourceTree = "<group>"; };
		C478FDAF2C515131006998D6 /* DetailView.swift */ = {isa = PBXFileReference; lastKnownFileType = sourcecode.swift; path = DetailView.swift; sourceTree = "<group>"; };
		C478FDB12C515F2D006998D6 /* DetailViewModel.swift */ = {isa = PBXFileReference; lastKnownFileType = sourcecode.swift; path = DetailViewModel.swift; sourceTree = "<group>"; };
		C478FDB32C516268006998D6 /* Statistics.swift */ = {isa = PBXFileReference; lastKnownFileType = sourcecode.swift; path = Statistics.swift; sourceTree = "<group>"; };
		C478FDB52C51F8FD006998D6 /* SearchView.swift */ = {isa = PBXFileReference; lastKnownFileType = sourcecode.swift; path = SearchView.swift; sourceTree = "<group>"; };
		C478FDB82C5201B7006998D6 /* EmptyView.swift */ = {isa = PBXFileReference; lastKnownFileType = sourcecode.swift; path = EmptyView.swift; sourceTree = "<group>"; };
		C478FDBA2C520383006998D6 /* SearchViewModel.swift */ = {isa = PBXFileReference; lastKnownFileType = sourcecode.swift; path = SearchViewModel.swift; sourceTree = "<group>"; };
		C478FDBC2C521A6B006998D6 /* Search.swift */ = {isa = PBXFileReference; lastKnownFileType = sourcecode.swift; path = Search.swift; sourceTree = "<group>"; };
		C478FDBE2C521FCA006998D6 /* SearchCollectionViewCell.swift */ = {isa = PBXFileReference; lastKnownFileType = sourcecode.swift; path = SearchCollectionViewCell.swift; sourceTree = "<group>"; };
		C478FDDA2C5334A6006998D6 /* TargetType.swift */ = {isa = PBXFileReference; lastKnownFileType = sourcecode.swift; path = TargetType.swift; sourceTree = "<group>"; };
		C478FDDD2C5380BB006998D6 /* EditProfileViewModel.swift */ = {isa = PBXFileReference; lastKnownFileType = sourcecode.swift; path = EditProfileViewModel.swift; sourceTree = "<group>"; };
		C478FDDF2C53967A006998D6 /* UIButton+.swift */ = {isa = PBXFileReference; lastKnownFileType = sourcecode.swift; path = "UIButton+.swift"; sourceTree = "<group>"; };
		C478FDE12C53B303006998D6 /* EditProfileImageViewController.swift */ = {isa = PBXFileReference; lastKnownFileType = sourcecode.swift; path = EditProfileImageViewController.swift; sourceTree = "<group>"; };
		C478FDE32C53B34B006998D6 /* EditProfileImageViewModel.swift */ = {isa = PBXFileReference; lastKnownFileType = sourcecode.swift; path = EditProfileImageViewModel.swift; sourceTree = "<group>"; };
		C478FDE52C53CC07006998D6 /* UIBarButtonItem+.swift */ = {isa = PBXFileReference; lastKnownFileType = sourcecode.swift; path = "UIBarButtonItem+.swift"; sourceTree = "<group>"; };
		C478FDE72C53F0D9006998D6 /* LikeView.swift */ = {isa = PBXFileReference; lastKnownFileType = sourcecode.swift; path = LikeView.swift; sourceTree = "<group>"; };
		C478FDE92C53F337006998D6 /* LikeViewModel.swift */ = {isa = PBXFileReference; lastKnownFileType = sourcecode.swift; path = LikeViewModel.swift; sourceTree = "<group>"; };
		C478FDEF2C549803006998D6 /* LikePhotoTable.swift */ = {isa = PBXFileReference; lastKnownFileType = sourcecode.swift; path = LikePhotoTable.swift; sourceTree = "<group>"; };
		C478FDF12C54A915006998D6 /* LikePhotoRepository.swift */ = {isa = PBXFileReference; lastKnownFileType = sourcecode.swift; path = LikePhotoRepository.swift; sourceTree = "<group>"; };
		C4F876BA2C564DC6003B7A5A /* DocumentFileManager.swift */ = {isa = PBXFileReference; lastKnownFileType = sourcecode.swift; path = DocumentFileManager.swift; sourceTree = "<group>"; };
		C4F876BC2C568E66003B7A5A /* UIImageView+.swift */ = {isa = PBXFileReference; lastKnownFileType = sourcecode.swift; path = "UIImageView+.swift"; sourceTree = "<group>"; };
		C4F876CC2C57AF6F003B7A5A /* NetworkMonitorManager.swift */ = {isa = PBXFileReference; lastKnownFileType = sourcecode.swift; path = NetworkMonitorManager.swift; sourceTree = "<group>"; };
/* End PBXFileReference section */

/* Begin PBXFrameworksBuildPhase section */
		C478FCBB2C4E54C1006998D6 /* Frameworks */ = {
			isa = PBXFrameworksBuildPhase;
			buildActionMask = 2147483647;
			files = (
				C48061872C610FA3003FF7EE /* Toast in Frameworks */,
				C478FDAA2C513D16006998D6 /* Kingfisher in Frameworks */,
				C478FDA42C512F15006998D6 /* Alamofire in Frameworks */,
				C478FCEF2C4E636A006998D6 /* SnapKit in Frameworks */,
				C478FDED2C53F912006998D6 /* RealmSwift in Frameworks */,
				C478FD042C4E81AD006998D6 /* TextFieldEffects in Frameworks */,
			);
			runOnlyForDeploymentPostprocessing = 0;
		};
/* End PBXFrameworksBuildPhase section */

/* Begin PBXGroup section */
		C478FCB52C4E54C1006998D6 = {
			isa = PBXGroup;
			children = (
				C478FCD62C4E5560006998D6 /* .gitignore */,
				C478FCC02C4E54C2006998D6 /* mood-folio */,
				C478FCBF2C4E54C2006998D6 /* Products */,
			);
			sourceTree = "<group>";
		};
		C478FCBF2C4E54C2006998D6 /* Products */ = {
			isa = PBXGroup;
			children = (
				C478FCBE2C4E54C2006998D6 /* mood-folio.app */,
			);
			name = Products;
			sourceTree = "<group>";
		};
		C478FCC02C4E54C2006998D6 /* mood-folio */ = {
			isa = PBXGroup;
			children = (
				C478FCD52C4E5546006998D6 /* Application */,
				C478FD9D2C511D13006998D6 /* Network */,
				C478FDEE2C53F922006998D6 /* Database */,
				C478FD172C4E9019006998D6 /* Observable */,
				C478FD142C4E8FE9006998D6 /* Model */,
				C478FCF22C4E6425006998D6 /* Common */,
				C478FCE82C4E62BA006998D6 /* Extension */,
				C478FD1A2C4E9332006998D6 /* Manager */,
				C478FCE52C4E61F5006998D6 /* Protocol */,
				C478FCF72C4E69EA006998D6 /* Components */,
				C478FCDD2C4E615B006998D6 /* Presentation */,
				C478FCCA2C4E54C2006998D6 /* Assets.xcassets */,
				C478FCCC2C4E54C2006998D6 /* LaunchScreen.storyboard */,
				C478FCCF2C4E54C2006998D6 /* Info.plist */,
			);
			path = "mood-folio";
			sourceTree = "<group>";
		};
		C478FCD52C4E5546006998D6 /* Application */ = {
			isa = PBXGroup;
			children = (
				C478FCC12C4E54C2006998D6 /* AppDelegate.swift */,
				C478FCC32C4E54C2006998D6 /* SceneDelegate.swift */,
			);
			path = Application;
			sourceTree = "<group>";
		};
		C478FCDD2C4E615B006998D6 /* Presentation */ = {
			isa = PBXGroup;
			children = (
				C478FCDE2C4E6163006998D6 /* Onboarding */,
				C478FCFF2C4E757C006998D6 /* Profile */,
				C478FD582C5019D7006998D6 /* Topic */,
				C478FD5B2C501A17006998D6 /* Random */,
				C478FD5E2C501A4A006998D6 /* Search */,
				C478FD612C501A76006998D6 /* Like */,
				C478FDAB2C5150EC006998D6 /* Detail */,
			);
			path = Presentation;
			sourceTree = "<group>";
		};
		C478FCDE2C4E6163006998D6 /* Onboarding */ = {
			isa = PBXGroup;
			children = (
				C478FCDF2C4E6170006998D6 /* OnboardingViewController.swift */,
				C478FD8B2C50C9DB006998D6 /* OnboardingView.swift */,
			);
			path = Onboarding;
			sourceTree = "<group>";
		};
		C478FCE12C4E617E006998D6 /* Base */ = {
			isa = PBXGroup;
			children = (
				C478FD102C4E89D2006998D6 /* BaseView.swift */,
				C478FCE32C4E61D0006998D6 /* BaseViewController.swift */,
				C478FD502C4FFE8B006998D6 /* BaseCollectionViewCell.swift */,
				C478FD972C510FE1006998D6 /* BaseTableViewCell.swift */,
			);
			path = Base;
			sourceTree = "<group>";
		};
		C478FCE52C4E61F5006998D6 /* Protocol */ = {
			isa = PBXGroup;
			children = (
				C478FCE62C4E620F006998D6 /* Reusable.swift */,
				C478FCF02C4E63B8006998D6 /* Base.swift */,
				C478FDDA2C5334A6006998D6 /* TargetType.swift */,
			);
			path = Protocol;
			sourceTree = "<group>";
		};
		C478FCE82C4E62BA006998D6 /* Extension */ = {
			isa = PBXGroup;
			children = (
				C478FCEA2C4E62CA006998D6 /* UIView+.swift */,
				C478FCF52C4E646B006998D6 /* UIColor+.swift */,
				C478FD052C4E8367006998D6 /* TextFieldEffets+.swift */,
				C478FD072C4E863A006998D6 /* UIViewController+.swift */,
				C478FDDF2C53967A006998D6 /* UIButton+.swift */,
				C478FDE52C53CC07006998D6 /* UIBarButtonItem+.swift */,
				C4F876BC2C568E66003B7A5A /* UIImageView+.swift */,
			);
			path = Extension;
			sourceTree = "<group>";
		};
		C478FCF22C4E6425006998D6 /* Common */ = {
			isa = PBXGroup;
			children = (
				C478FCF32C4E642E006998D6 /* Resource.swift */,
				C478FCFB2C4E6A3F006998D6 /* Constants.swift */,
			);
			path = Common;
			sourceTree = "<group>";
		};
		C478FCF72C4E69EA006998D6 /* Components */ = {
			isa = PBXGroup;
			children = (
				C478FCE12C4E617E006998D6 /* Base */,
				C478FD942C510FAE006998D6 /* Cell */,
				C478FCFA2C4E6A09006998D6 /* CustomView */,
			);
			path = Components;
			sourceTree = "<group>";
		};
		C478FCFA2C4E6A09006998D6 /* CustomView */ = {
			isa = PBXGroup;
			children = (
				C478FCF82C4E6A06006998D6 /* CommonButton.swift */,
				C478FD4A2C4FE2CA006998D6 /* MBTIButtton.swift */,
				C478FDB82C5201B7006998D6 /* EmptyView.swift */,
			);
			path = CustomView;
			sourceTree = "<group>";
		};
		C478FCFF2C4E757C006998D6 /* Profile */ = {
			isa = PBXGroup;
			children = (
				C478FD0A2C4E8991006998D6 /* View */,
				C478FD0B2C4E8994006998D6 /* ViewController */,
				C478FD0C2C4E8999006998D6 /* ViewModel */,
			);
			path = Profile;
			sourceTree = "<group>";
		};
		C478FD0A2C4E8991006998D6 /* View */ = {
			isa = PBXGroup;
			children = (
				C478FD0E2C4E89B8006998D6 /* ProfileView.swift */,
				C478FD4C2C4FFC1F006998D6 /* ProfileImageView.swift */,
			);
			path = View;
			sourceTree = "<group>";
		};
		C478FD0B2C4E8994006998D6 /* ViewController */ = {
			isa = PBXGroup;
			children = (
				C478FD002C4E7595006998D6 /* ProfileViewController.swift */,
				C478FD1D2C4F36AB006998D6 /* ProfileImageViewController.swift */,
				C478FD922C5107C9006998D6 /* EditProfileViewController.swift */,
				C478FDE12C53B303006998D6 /* EditProfileImageViewController.swift */,
			);
			path = ViewController;
			sourceTree = "<group>";
		};
		C478FD0C2C4E8999006998D6 /* ViewModel */ = {
			isa = PBXGroup;
			children = (
				C478FD122C4E8B4C006998D6 /* ProfileViewModel.swift */,
				C478FD522C500020006998D6 /* ProfileImageViewModel.swift */,
				C478FDDD2C5380BB006998D6 /* EditProfileViewModel.swift */,
				C478FDE32C53B34B006998D6 /* EditProfileImageViewModel.swift */,
			);
			path = ViewModel;
			sourceTree = "<group>";
		};
		C478FD142C4E8FE9006998D6 /* Model */ = {
			isa = PBXGroup;
			children = (
				C478FD152C4E8FF2006998D6 /* User.swift */,
				C478FDA72C5136A5006998D6 /* Response */,
			);
			path = Model;
			sourceTree = "<group>";
		};
		C478FD172C4E9019006998D6 /* Observable */ = {
			isa = PBXGroup;
			children = (
				C478FD182C4E9025006998D6 /* Observable.swift */,
			);
			path = Observable;
			sourceTree = "<group>";
		};
		C478FD1A2C4E9332006998D6 /* Manager */ = {
			isa = PBXGroup;
			children = (
				C4F876BA2C564DC6003B7A5A /* DocumentFileManager.swift */,
				C478FD1B2C4E9340006998D6 /* UserDefaultsManager.swift */,
				C478FD542C500CAC006998D6 /* DateFormatterManager.swift */,
				C478FD562C500EAF006998D6 /* ValidationManager.swift */,
				C478FD9E2C511D8C006998D6 /* NetworkManager.swift */,
				C4F876CC2C57AF6F003B7A5A /* NetworkMonitorManager.swift */,
			);
			path = Manager;
			sourceTree = "<group>";
		};
		C478FD582C5019D7006998D6 /* Topic */ = {
			isa = PBXGroup;
			children = (
				C478FD592C5019E9006998D6 /* TopicViewController.swift */,
				C478FD892C50C8DA006998D6 /* ProfileTitleView.swift */,
				C478FD8D2C50FF21006998D6 /* TopicView.swift */,
				C478FD8F2C51046D006998D6 /* TopicViewModel.swift */,
			);
			path = Topic;
			sourceTree = "<group>";
		};
		C478FD5B2C501A17006998D6 /* Random */ = {
			isa = PBXGroup;
			children = (
				C478FD5C2C501A1F006998D6 /* RandomViewController.swift */,
			);
			path = Random;
			sourceTree = "<group>";
		};
		C478FD5E2C501A4A006998D6 /* Search */ = {
			isa = PBXGroup;
			children = (
				C478FD5F2C501A58006998D6 /* SearchViewController.swift */,
				C478FDB52C51F8FD006998D6 /* SearchView.swift */,
				C478FDBA2C520383006998D6 /* SearchViewModel.swift */,
			);
			path = Search;
			sourceTree = "<group>";
		};
		C478FD612C501A76006998D6 /* Like */ = {
			isa = PBXGroup;
			children = (
				C478FD622C501A8A006998D6 /* LikeViewController.swift */,
				C478FDE72C53F0D9006998D6 /* LikeView.swift */,
				C478FDE92C53F337006998D6 /* LikeViewModel.swift */,
			);
			path = Like;
			sourceTree = "<group>";
		};
		C478FD942C510FAE006998D6 /* Cell */ = {
			isa = PBXGroup;
			children = (
				C478FD4E2C4FFE60006998D6 /* ProfileImageCollectionViewCell.swift */,
				C478FD952C510FC8006998D6 /* TopicTableViewCell.swift */,
				C478FD992C511548006998D6 /* TopicCollectionViewCell.swift */,
				C478FDBE2C521FCA006998D6 /* SearchCollectionViewCell.swift */,
			);
			path = Cell;
			sourceTree = "<group>";
		};
		C478FD9D2C511D13006998D6 /* Network */ = {
			isa = PBXGroup;
			children = (
				C478FD9B2C511CB3006998D6 /* API.swift */,
				C478FDA02C511DDF006998D6 /* Router.swift */,
			);
			path = Network;
			sourceTree = "<group>";
		};
		C478FDA72C5136A5006998D6 /* Response */ = {
			isa = PBXGroup;
			children = (
				C478FDA52C513685006998D6 /* Photo.swift */,
				C478FDB32C516268006998D6 /* Statistics.swift */,
				C478FDBC2C521A6B006998D6 /* Search.swift */,
			);
			path = Response;
			sourceTree = "<group>";
		};
		C478FDAB2C5150EC006998D6 /* Detail */ = {
			isa = PBXGroup;
			children = (
				C478FDAC2C5150FD006998D6 /* DetailViewController.swift */,
				C478FDAF2C515131006998D6 /* DetailView.swift */,
				C478FDB12C515F2D006998D6 /* DetailViewModel.swift */,
			);
			path = Detail;
			sourceTree = "<group>";
		};
		C478FDEE2C53F922006998D6 /* Database */ = {
			isa = PBXGroup;
			children = (
				C478FDEF2C549803006998D6 /* LikePhotoTable.swift */,
				C478FDF12C54A915006998D6 /* LikePhotoRepository.swift */,
			);
			path = Database;
			sourceTree = "<group>";
		};
/* End PBXGroup section */

/* Begin PBXNativeTarget section */
		C478FCBD2C4E54C1006998D6 /* mood-folio */ = {
			isa = PBXNativeTarget;
			buildConfigurationList = C478FCD22C4E54C2006998D6 /* Build configuration list for PBXNativeTarget "mood-folio" */;
			buildPhases = (
				C478FCBA2C4E54C1006998D6 /* Sources */,
				C478FCBB2C4E54C1006998D6 /* Frameworks */,
				C478FCBC2C4E54C1006998D6 /* Resources */,
				C4F876B92C553DD2003B7A5A /* Embed Frameworks */,
			);
			buildRules = (
			);
			dependencies = (
			);
			name = "mood-folio";
			packageProductDependencies = (
				C478FCEE2C4E636A006998D6 /* SnapKit */,
				C478FD032C4E81AD006998D6 /* TextFieldEffects */,
				C478FDA32C512F15006998D6 /* Alamofire */,
				C478FDA92C513D16006998D6 /* Kingfisher */,
				C478FDEC2C53F912006998D6 /* RealmSwift */,
				C48061862C610FA3003FF7EE /* Toast */,
			);
			productName = "mood-folio";
			productReference = C478FCBE2C4E54C2006998D6 /* mood-folio.app */;
			productType = "com.apple.product-type.application";
		};
/* End PBXNativeTarget section */

/* Begin PBXProject section */
		C478FCB62C4E54C1006998D6 /* Project object */ = {
			isa = PBXProject;
			attributes = {
				BuildIndependentTargetsInParallel = 1;
				LastSwiftUpdateCheck = 1540;
				LastUpgradeCheck = 1540;
				TargetAttributes = {
					C478FCBD2C4E54C1006998D6 = {
						CreatedOnToolsVersion = 15.4;
					};
				};
			};
			buildConfigurationList = C478FCB92C4E54C1006998D6 /* Build configuration list for PBXProject "mood-folio" */;
			compatibilityVersion = "Xcode 14.0";
			developmentRegion = en;
			hasScannedForEncodings = 0;
			knownRegions = (
				en,
				Base,
			);
			mainGroup = C478FCB52C4E54C1006998D6;
			packageReferences = (
				C478FCED2C4E636A006998D6 /* XCRemoteSwiftPackageReference "SnapKit" */,
				C478FD022C4E81AD006998D6 /* XCRemoteSwiftPackageReference "TextFieldEffects" */,
				C478FDA22C512F15006998D6 /* XCRemoteSwiftPackageReference "Alamofire" */,
				C478FDA82C513D16006998D6 /* XCRemoteSwiftPackageReference "Kingfisher" */,
				C478FDEB2C53F912006998D6 /* XCRemoteSwiftPackageReference "realm-swift" */,
				C48061852C610FA3003FF7EE /* XCRemoteSwiftPackageReference "Toast-Swift" */,
			);
			productRefGroup = C478FCBF2C4E54C2006998D6 /* Products */;
			projectDirPath = "";
			projectRoot = "";
			targets = (
				C478FCBD2C4E54C1006998D6 /* mood-folio */,
			);
		};
/* End PBXProject section */

/* Begin PBXResourcesBuildPhase section */
		C478FCBC2C4E54C1006998D6 /* Resources */ = {
			isa = PBXResourcesBuildPhase;
			buildActionMask = 2147483647;
			files = (
				C478FCCB2C4E54C2006998D6 /* Assets.xcassets in Resources */,
				C478FCD72C4E5560006998D6 /* .gitignore in Resources */,
				C478FCCE2C4E54C2006998D6 /* Base in Resources */,
			);
			runOnlyForDeploymentPostprocessing = 0;
		};
/* End PBXResourcesBuildPhase section */

/* Begin PBXSourcesBuildPhase section */
		C478FCBA2C4E54C1006998D6 /* Sources */ = {
			isa = PBXSourcesBuildPhase;
			buildActionMask = 2147483647;
			files = (
				C478FD192C4E9025006998D6 /* Observable.swift in Sources */,
				C478FD082C4E863A006998D6 /* UIViewController+.swift in Sources */,
				C478FD062C4E8367006998D6 /* TextFieldEffets+.swift in Sources */,
				C478FCEB2C4E62CA006998D6 /* UIView+.swift in Sources */,
				C478FDF02C549803006998D6 /* LikePhotoTable.swift in Sources */,
				C478FCFC2C4E6A3F006998D6 /* Constants.swift in Sources */,
				C478FCF42C4E642E006998D6 /* Resource.swift in Sources */,
				C478FD4B2C4FE2CA006998D6 /* MBTIButtton.swift in Sources */,
				C478FD602C501A58006998D6 /* SearchViewController.swift in Sources */,
				C478FD1E2C4F36AB006998D6 /* ProfileImageViewController.swift in Sources */,
				C478FD1C2C4E9340006998D6 /* UserDefaultsManager.swift in Sources */,
				C478FD902C51046D006998D6 /* TopicViewModel.swift in Sources */,
				C478FCC22C4E54C2006998D6 /* AppDelegate.swift in Sources */,
				C478FDDB2C5334A6006998D6 /* TargetType.swift in Sources */,
				C478FDE22C53B303006998D6 /* EditProfileImageViewController.swift in Sources */,
				C478FCE42C4E61D0006998D6 /* BaseViewController.swift in Sources */,
				C478FDBD2C521A6B006998D6 /* Search.swift in Sources */,
				C478FDEA2C53F337006998D6 /* LikeViewModel.swift in Sources */,
				C478FDE02C53967A006998D6 /* UIButton+.swift in Sources */,
				C4F876BB2C564DC6003B7A5A /* DocumentFileManager.swift in Sources */,
				C478FDA62C513685006998D6 /* Photo.swift in Sources */,
				C478FD0F2C4E89B8006998D6 /* ProfileView.swift in Sources */,
				C478FDB22C515F2D006998D6 /* DetailViewModel.swift in Sources */,
				C478FD9A2C511548006998D6 /* TopicCollectionViewCell.swift in Sources */,
				C478FCE02C4E6170006998D6 /* OnboardingViewController.swift in Sources */,
				C478FDB02C515131006998D6 /* DetailView.swift in Sources */,
				C478FD962C510FC8006998D6 /* TopicTableViewCell.swift in Sources */,
				C478FDDE2C5380BB006998D6 /* EditProfileViewModel.swift in Sources */,
				C478FDBF2C521FCA006998D6 /* SearchCollectionViewCell.swift in Sources */,
				C478FD8A2C50C8DA006998D6 /* ProfileTitleView.swift in Sources */,
				C478FD8C2C50C9DB006998D6 /* OnboardingView.swift in Sources */,
				C478FDB42C516268006998D6 /* Statistics.swift in Sources */,
				C478FD012C4E7595006998D6 /* ProfileViewController.swift in Sources */,
				C478FCE72C4E620F006998D6 /* Reusable.swift in Sources */,
				C478FD5D2C501A1F006998D6 /* RandomViewController.swift in Sources */,
				C478FD9C2C511CB3006998D6 /* API.swift in Sources */,
				C478FD8E2C50FF21006998D6 /* TopicView.swift in Sources */,
				C478FD9F2C511D8C006998D6 /* NetworkManager.swift in Sources */,
				C478FDF22C54A915006998D6 /* LikePhotoRepository.swift in Sources */,
				C4F876BD2C568E66003B7A5A /* UIImageView+.swift in Sources */,
				C478FD512C4FFE8B006998D6 /* BaseCollectionViewCell.swift in Sources */,
				C478FDAD2C5150FD006998D6 /* DetailViewController.swift in Sources */,
				C478FCF92C4E6A06006998D6 /* CommonButton.swift in Sources */,
				C478FD4D2C4FFC1F006998D6 /* ProfileImageView.swift in Sources */,
				C478FDE62C53CC07006998D6 /* UIBarButtonItem+.swift in Sources */,
				C478FCF12C4E63B8006998D6 /* Base.swift in Sources */,
				C478FD552C500CAC006998D6 /* DateFormatterManager.swift in Sources */,
				C478FD572C500EAF006998D6 /* ValidationManager.swift in Sources */,
				C478FD632C501A8A006998D6 /* LikeViewController.swift in Sources */,
				C478FD932C5107C9006998D6 /* EditProfileViewController.swift in Sources */,
				C478FDB62C51F8FD006998D6 /* SearchView.swift in Sources */,
				C478FD4F2C4FFE60006998D6 /* ProfileImageCollectionViewCell.swift in Sources */,
				C478FD532C500020006998D6 /* ProfileImageViewModel.swift in Sources */,
				C478FD5A2C5019E9006998D6 /* TopicViewController.swift in Sources */,
				C478FD132C4E8B4C006998D6 /* ProfileViewModel.swift in Sources */,
				C478FD162C4E8FF2006998D6 /* User.swift in Sources */,
				C478FDE42C53B34B006998D6 /* EditProfileImageViewModel.swift in Sources */,
				C478FCC42C4E54C2006998D6 /* SceneDelegate.swift in Sources */,
				C478FCF62C4E646B006998D6 /* UIColor+.swift in Sources */,
				C478FDB92C5201B7006998D6 /* EmptyView.swift in Sources */,
				C478FD982C510FE1006998D6 /* BaseTableViewCell.swift in Sources */,
				C4F876CD2C57AF6F003B7A5A /* NetworkMonitorManager.swift in Sources */,
				C478FDBB2C520383006998D6 /* SearchViewModel.swift in Sources */,
				C478FDE82C53F0D9006998D6 /* LikeView.swift in Sources */,
				C478FDA12C511DDF006998D6 /* Router.swift in Sources */,
				C478FD112C4E89D2006998D6 /* BaseView.swift in Sources */,
			);
			runOnlyForDeploymentPostprocessing = 0;
		};
/* End PBXSourcesBuildPhase section */

/* Begin PBXVariantGroup section */
		C478FCCC2C4E54C2006998D6 /* LaunchScreen.storyboard */ = {
			isa = PBXVariantGroup;
			children = (
				C478FCCD2C4E54C2006998D6 /* Base */,
			);
			name = LaunchScreen.storyboard;
			sourceTree = "<group>";
		};
/* End PBXVariantGroup section */

/* Begin XCBuildConfiguration section */
		C478FCD02C4E54C2006998D6 /* Debug */ = {
			isa = XCBuildConfiguration;
			buildSettings = {
				ALWAYS_SEARCH_USER_PATHS = NO;
				ASSETCATALOG_COMPILER_GENERATE_SWIFT_ASSET_SYMBOL_EXTENSIONS = YES;
				CLANG_ANALYZER_NONNULL = YES;
				CLANG_ANALYZER_NUMBER_OBJECT_CONVERSION = YES_AGGRESSIVE;
				CLANG_CXX_LANGUAGE_STANDARD = "gnu++20";
				CLANG_ENABLE_MODULES = YES;
				CLANG_ENABLE_OBJC_ARC = YES;
				CLANG_ENABLE_OBJC_WEAK = YES;
				CLANG_WARN_BLOCK_CAPTURE_AUTORELEASING = YES;
				CLANG_WARN_BOOL_CONVERSION = YES;
				CLANG_WARN_COMMA = YES;
				CLANG_WARN_CONSTANT_CONVERSION = YES;
				CLANG_WARN_DEPRECATED_OBJC_IMPLEMENTATIONS = YES;
				CLANG_WARN_DIRECT_OBJC_ISA_USAGE = YES_ERROR;
				CLANG_WARN_DOCUMENTATION_COMMENTS = YES;
				CLANG_WARN_EMPTY_BODY = YES;
				CLANG_WARN_ENUM_CONVERSION = YES;
				CLANG_WARN_INFINITE_RECURSION = YES;
				CLANG_WARN_INT_CONVERSION = YES;
				CLANG_WARN_NON_LITERAL_NULL_CONVERSION = YES;
				CLANG_WARN_OBJC_IMPLICIT_RETAIN_SELF = YES;
				CLANG_WARN_OBJC_LITERAL_CONVERSION = YES;
				CLANG_WARN_OBJC_ROOT_CLASS = YES_ERROR;
				CLANG_WARN_QUOTED_INCLUDE_IN_FRAMEWORK_HEADER = YES;
				CLANG_WARN_RANGE_LOOP_ANALYSIS = YES;
				CLANG_WARN_STRICT_PROTOTYPES = YES;
				CLANG_WARN_SUSPICIOUS_MOVE = YES;
				CLANG_WARN_UNGUARDED_AVAILABILITY = YES_AGGRESSIVE;
				CLANG_WARN_UNREACHABLE_CODE = YES;
				CLANG_WARN__DUPLICATE_METHOD_MATCH = YES;
				COPY_PHASE_STRIP = NO;
				DEBUG_INFORMATION_FORMAT = dwarf;
				ENABLE_STRICT_OBJC_MSGSEND = YES;
				ENABLE_TESTABILITY = YES;
				ENABLE_USER_SCRIPT_SANDBOXING = YES;
				GCC_C_LANGUAGE_STANDARD = gnu17;
				GCC_DYNAMIC_NO_PIC = NO;
				GCC_NO_COMMON_BLOCKS = YES;
				GCC_OPTIMIZATION_LEVEL = 0;
				GCC_PREPROCESSOR_DEFINITIONS = (
					"DEBUG=1",
					"$(inherited)",
				);
				GCC_WARN_64_TO_32_BIT_CONVERSION = YES;
				GCC_WARN_ABOUT_RETURN_TYPE = YES_ERROR;
				GCC_WARN_UNDECLARED_SELECTOR = YES;
				GCC_WARN_UNINITIALIZED_AUTOS = YES_AGGRESSIVE;
				GCC_WARN_UNUSED_FUNCTION = YES;
				GCC_WARN_UNUSED_VARIABLE = YES;
				IPHONEOS_DEPLOYMENT_TARGET = 17.5;
				LOCALIZATION_PREFERS_STRING_CATALOGS = YES;
				MTL_ENABLE_DEBUG_INFO = INCLUDE_SOURCE;
				MTL_FAST_MATH = YES;
				ONLY_ACTIVE_ARCH = YES;
				SDKROOT = iphoneos;
				SWIFT_ACTIVE_COMPILATION_CONDITIONS = "DEBUG $(inherited)";
				SWIFT_OPTIMIZATION_LEVEL = "-Onone";
			};
			name = Debug;
		};
		C478FCD12C4E54C2006998D6 /* Release */ = {
			isa = XCBuildConfiguration;
			buildSettings = {
				ALWAYS_SEARCH_USER_PATHS = NO;
				ASSETCATALOG_COMPILER_GENERATE_SWIFT_ASSET_SYMBOL_EXTENSIONS = YES;
				CLANG_ANALYZER_NONNULL = YES;
				CLANG_ANALYZER_NUMBER_OBJECT_CONVERSION = YES_AGGRESSIVE;
				CLANG_CXX_LANGUAGE_STANDARD = "gnu++20";
				CLANG_ENABLE_MODULES = YES;
				CLANG_ENABLE_OBJC_ARC = YES;
				CLANG_ENABLE_OBJC_WEAK = YES;
				CLANG_WARN_BLOCK_CAPTURE_AUTORELEASING = YES;
				CLANG_WARN_BOOL_CONVERSION = YES;
				CLANG_WARN_COMMA = YES;
				CLANG_WARN_CONSTANT_CONVERSION = YES;
				CLANG_WARN_DEPRECATED_OBJC_IMPLEMENTATIONS = YES;
				CLANG_WARN_DIRECT_OBJC_ISA_USAGE = YES_ERROR;
				CLANG_WARN_DOCUMENTATION_COMMENTS = YES;
				CLANG_WARN_EMPTY_BODY = YES;
				CLANG_WARN_ENUM_CONVERSION = YES;
				CLANG_WARN_INFINITE_RECURSION = YES;
				CLANG_WARN_INT_CONVERSION = YES;
				CLANG_WARN_NON_LITERAL_NULL_CONVERSION = YES;
				CLANG_WARN_OBJC_IMPLICIT_RETAIN_SELF = YES;
				CLANG_WARN_OBJC_LITERAL_CONVERSION = YES;
				CLANG_WARN_OBJC_ROOT_CLASS = YES_ERROR;
				CLANG_WARN_QUOTED_INCLUDE_IN_FRAMEWORK_HEADER = YES;
				CLANG_WARN_RANGE_LOOP_ANALYSIS = YES;
				CLANG_WARN_STRICT_PROTOTYPES = YES;
				CLANG_WARN_SUSPICIOUS_MOVE = YES;
				CLANG_WARN_UNGUARDED_AVAILABILITY = YES_AGGRESSIVE;
				CLANG_WARN_UNREACHABLE_CODE = YES;
				CLANG_WARN__DUPLICATE_METHOD_MATCH = YES;
				COPY_PHASE_STRIP = NO;
				DEBUG_INFORMATION_FORMAT = "dwarf-with-dsym";
				ENABLE_NS_ASSERTIONS = NO;
				ENABLE_STRICT_OBJC_MSGSEND = YES;
				ENABLE_USER_SCRIPT_SANDBOXING = YES;
				GCC_C_LANGUAGE_STANDARD = gnu17;
				GCC_NO_COMMON_BLOCKS = YES;
				GCC_WARN_64_TO_32_BIT_CONVERSION = YES;
				GCC_WARN_ABOUT_RETURN_TYPE = YES_ERROR;
				GCC_WARN_UNDECLARED_SELECTOR = YES;
				GCC_WARN_UNINITIALIZED_AUTOS = YES_AGGRESSIVE;
				GCC_WARN_UNUSED_FUNCTION = YES;
				GCC_WARN_UNUSED_VARIABLE = YES;
				IPHONEOS_DEPLOYMENT_TARGET = 17.5;
				LOCALIZATION_PREFERS_STRING_CATALOGS = YES;
				MTL_ENABLE_DEBUG_INFO = NO;
				MTL_FAST_MATH = YES;
				SDKROOT = iphoneos;
				SWIFT_COMPILATION_MODE = wholemodule;
				VALIDATE_PRODUCT = YES;
			};
			name = Release;
		};
		C478FCD32C4E54C2006998D6 /* Debug */ = {
			isa = XCBuildConfiguration;
			buildSettings = {
				ASSETCATALOG_COMPILER_APPICON_NAME = AppIcon;
				ASSETCATALOG_COMPILER_GLOBAL_ACCENT_COLOR_NAME = AccentColor;
				CODE_SIGN_STYLE = Automatic;
				CURRENT_PROJECT_VERSION = 1;
				DEVELOPMENT_TEAM = 95Z2W8U6PK;
				GENERATE_INFOPLIST_FILE = YES;
				INFOPLIST_FILE = "mood-folio/Info.plist";
				INFOPLIST_KEY_CFBundleDisplayName = "Mood Folio";
				INFOPLIST_KEY_UIApplicationSupportsIndirectInputEvents = YES;
				INFOPLIST_KEY_UILaunchStoryboardName = LaunchScreen;
				INFOPLIST_KEY_UISupportedInterfaceOrientations = UIInterfaceOrientationPortrait;
				INFOPLIST_KEY_UISupportedInterfaceOrientations_iPad = "UIInterfaceOrientationLandscapeLeft UIInterfaceOrientationLandscapeRight UIInterfaceOrientationPortrait UIInterfaceOrientationPortraitUpsideDown";
				IPHONEOS_DEPLOYMENT_TARGET = 15.0;
				LD_RUNPATH_SEARCH_PATHS = (
					"$(inherited)",
					"@executable_path/Frameworks",
				);
				MARKETING_VERSION = 1.0;
				PRODUCT_BUNDLE_IDENTIFIER = "com.junehee.mood-folio";
				PRODUCT_NAME = "$(TARGET_NAME)";
				SUPPORTED_PLATFORMS = "iphoneos iphonesimulator";
				SUPPORTS_MACCATALYST = NO;
				SUPPORTS_MAC_DESIGNED_FOR_IPHONE_IPAD = NO;
				SUPPORTS_XR_DESIGNED_FOR_IPHONE_IPAD = NO;
				SWIFT_EMIT_LOC_STRINGS = YES;
				SWIFT_VERSION = 5.0;
				TARGETED_DEVICE_FAMILY = 1;
			};
			name = Debug;
		};
		C478FCD42C4E54C2006998D6 /* Release */ = {
			isa = XCBuildConfiguration;
			buildSettings = {
				ASSETCATALOG_COMPILER_APPICON_NAME = AppIcon;
				ASSETCATALOG_COMPILER_GLOBAL_ACCENT_COLOR_NAME = AccentColor;
				CODE_SIGN_STYLE = Automatic;
				CURRENT_PROJECT_VERSION = 1;
				DEVELOPMENT_TEAM = 95Z2W8U6PK;
				GENERATE_INFOPLIST_FILE = YES;
				INFOPLIST_FILE = "mood-folio/Info.plist";
				INFOPLIST_KEY_CFBundleDisplayName = "Mood Folio";
				INFOPLIST_KEY_UIApplicationSupportsIndirectInputEvents = YES;
				INFOPLIST_KEY_UILaunchStoryboardName = LaunchScreen;
				INFOPLIST_KEY_UISupportedInterfaceOrientations = UIInterfaceOrientationPortrait;
				INFOPLIST_KEY_UISupportedInterfaceOrientations_iPad = "UIInterfaceOrientationLandscapeLeft UIInterfaceOrientationLandscapeRight UIInterfaceOrientationPortrait UIInterfaceOrientationPortraitUpsideDown";
				IPHONEOS_DEPLOYMENT_TARGET = 15.0;
				LD_RUNPATH_SEARCH_PATHS = (
					"$(inherited)",
					"@executable_path/Frameworks",
				);
				MARKETING_VERSION = 1.0;
				PRODUCT_BUNDLE_IDENTIFIER = "com.junehee.mood-folio";
				PRODUCT_NAME = "$(TARGET_NAME)";
				SUPPORTED_PLATFORMS = "iphoneos iphonesimulator";
				SUPPORTS_MACCATALYST = NO;
				SUPPORTS_MAC_DESIGNED_FOR_IPHONE_IPAD = NO;
				SUPPORTS_XR_DESIGNED_FOR_IPHONE_IPAD = NO;
				SWIFT_EMIT_LOC_STRINGS = YES;
				SWIFT_VERSION = 5.0;
				TARGETED_DEVICE_FAMILY = 1;
			};
			name = Release;
		};
/* End XCBuildConfiguration section */

/* Begin XCConfigurationList section */
		C478FCB92C4E54C1006998D6 /* Build configuration list for PBXProject "mood-folio" */ = {
			isa = XCConfigurationList;
			buildConfigurations = (
				C478FCD02C4E54C2006998D6 /* Debug */,
				C478FCD12C4E54C2006998D6 /* Release */,
			);
			defaultConfigurationIsVisible = 0;
			defaultConfigurationName = Release;
		};
		C478FCD22C4E54C2006998D6 /* Build configuration list for PBXNativeTarget "mood-folio" */ = {
			isa = XCConfigurationList;
			buildConfigurations = (
				C478FCD32C4E54C2006998D6 /* Debug */,
				C478FCD42C4E54C2006998D6 /* Release */,
			);
			defaultConfigurationIsVisible = 0;
			defaultConfigurationName = Release;
		};
/* End XCConfigurationList section */

/* Begin XCRemoteSwiftPackageReference section */
		C478FCED2C4E636A006998D6 /* XCRemoteSwiftPackageReference "SnapKit" */ = {
			isa = XCRemoteSwiftPackageReference;
			repositoryURL = "https://github.com/SnapKit/SnapKit.git";
			requirement = {
				kind = upToNextMajorVersion;
				minimumVersion = 5.7.1;
			};
		};
		C478FD022C4E81AD006998D6 /* XCRemoteSwiftPackageReference "TextFieldEffects" */ = {
			isa = XCRemoteSwiftPackageReference;
			repositoryURL = "https://github.com/raulriera/TextFieldEffects.git";
			requirement = {
				kind = upToNextMajorVersion;
				minimumVersion = 1.7.0;
			};
		};
		C478FDA22C512F15006998D6 /* XCRemoteSwiftPackageReference "Alamofire" */ = {
			isa = XCRemoteSwiftPackageReference;
			repositoryURL = "https://github.com/Alamofire/Alamofire";
			requirement = {
				kind = upToNextMajorVersion;
				minimumVersion = 5.9.1;
			};
		};
		C478FDA82C513D16006998D6 /* XCRemoteSwiftPackageReference "Kingfisher" */ = {
			isa = XCRemoteSwiftPackageReference;
			repositoryURL = "https://github.com/onevcat/Kingfisher";
			requirement = {
				kind = upToNextMajorVersion;
				minimumVersion = 7.12.0;
			};
		};
		C478FDEB2C53F912006998D6 /* XCRemoteSwiftPackageReference "realm-swift" */ = {
			isa = XCRemoteSwiftPackageReference;
			repositoryURL = "https://github.com/realm/realm-swift.git";
			requirement = {
				branch = master;
				kind = branch;
			};
		};
		C48061852C610FA3003FF7EE /* XCRemoteSwiftPackageReference "Toast-Swift" */ = {
			isa = XCRemoteSwiftPackageReference;
			repositoryURL = "https://github.com/scalessec/Toast-Swift.git";
			requirement = {
				kind = upToNextMajorVersion;
				minimumVersion = 5.1.1;
			};
		};
/* End XCRemoteSwiftPackageReference section */

/* Begin XCSwiftPackageProductDependency section */
		C478FCEE2C4E636A006998D6 /* SnapKit */ = {
			isa = XCSwiftPackageProductDependency;
			package = C478FCED2C4E636A006998D6 /* XCRemoteSwiftPackageReference "SnapKit" */;
			productName = SnapKit;
		};
		C478FD032C4E81AD006998D6 /* TextFieldEffects */ = {
			isa = XCSwiftPackageProductDependency;
			package = C478FD022C4E81AD006998D6 /* XCRemoteSwiftPackageReference "TextFieldEffects" */;
			productName = TextFieldEffects;
		};
		C478FDA32C512F15006998D6 /* Alamofire */ = {
			isa = XCSwiftPackageProductDependency;
			package = C478FDA22C512F15006998D6 /* XCRemoteSwiftPackageReference "Alamofire" */;
			productName = Alamofire;
		};
		C478FDA92C513D16006998D6 /* Kingfisher */ = {
			isa = XCSwiftPackageProductDependency;
			package = C478FDA82C513D16006998D6 /* XCRemoteSwiftPackageReference "Kingfisher" */;
			productName = Kingfisher;
		};
		C478FDEC2C53F912006998D6 /* RealmSwift */ = {
			isa = XCSwiftPackageProductDependency;
			package = C478FDEB2C53F912006998D6 /* XCRemoteSwiftPackageReference "realm-swift" */;
			productName = RealmSwift;
		};
		C48061862C610FA3003FF7EE /* Toast */ = {
			isa = XCSwiftPackageProductDependency;
			package = C48061852C610FA3003FF7EE /* XCRemoteSwiftPackageReference "Toast-Swift" */;
			productName = Toast;
		};
/* End XCSwiftPackageProductDependency section */
	};
	rootObject = C478FCB62C4E54C1006998D6 /* Project object */;
}
