// !$*UTF8*$!
{
	archiveVersion = 1;
	classes = {
	};
	objectVersion = 56;
	objects = {

/* Begin PBXBuildFile section */
		C478FCC22C4E54C2006998D6 /* AppDelegate.swift in Sources */ = {isa = PBXBuildFile; fileRef = C478FCC12C4E54C2006998D6 /* AppDelegate.swift */; };
		C478FCC42C4E54C2006998D6 /* SceneDelegate.swift in Sources */ = {isa = PBXBuildFile; fileRef = C478FCC32C4E54C2006998D6 /* SceneDelegate.swift */; };
		C478FCCB2C4E54C2006998D6 /* Assets.xcassets in Resources */ = {isa = PBXBuildFile; fileRef = C478FCCA2C4E54C2006998D6 /* Assets.xcassets */; };
		C478FCCE2C4E54C2006998D6 /* Base in Resources */ = {isa = PBXBuildFile; fileRef = C478FCCD2C4E54C2006998D6 /* Base */; };
		C478FCD72C4E5560006998D6 /* .gitignore in Resources */ = {isa = PBXBuildFile; fileRef = C478FCD62C4E5560006998D6 /* .gitignore */; };
		C478FCE02C4E6170006998D6 /* OnboardingViewController.swift in Sources */ = {isa = PBXBuildFile; fileRef = C478FCDF2C4E6170006998D6 /* OnboardingViewController.swift */; };
		C478FCE42C4E61D0006998D6 /* BaseViewController.swift in Sources */ = {isa = PBXBuildFile; fileRef = C478FCE32C4E61D0006998D6 /* BaseViewController.swift */; };
		C478FCE72C4E620F006998D6 /* Reusable.swift in Sources */ = {isa = PBXBuildFile; fileRef = C478FCE62C4E620F006998D6 /* Reusable.swift */; };
		C478FCEB2C4E62CA006998D6 /* UIView+.swift in Sources */ = {isa = PBXBuildFile; fileRef = C478FCEA2C4E62CA006998D6 /* UIView+.swift */; };
/* End PBXBuildFile section */

/* Begin PBXFileReference section */
		C478FCBE2C4E54C2006998D6 /* mood-folio.app */ = {isa = PBXFileReference; explicitFileType = wrapper.application; includeInIndex = 0; path = "mood-folio.app"; sourceTree = BUILT_PRODUCTS_DIR; };
		C478FCC12C4E54C2006998D6 /* AppDelegate.swift */ = {isa = PBXFileReference; lastKnownFileType = sourcecode.swift; path = AppDelegate.swift; sourceTree = "<group>"; };
		C478FCC32C4E54C2006998D6 /* SceneDelegate.swift */ = {isa = PBXFileReference; lastKnownFileType = sourcecode.swift; path = SceneDelegate.swift; sourceTree = "<group>"; };
		C478FCCA2C4E54C2006998D6 /* Assets.xcassets */ = {isa = PBXFileReference; lastKnownFileType = folder.assetcatalog; path = Assets.xcassets; sourceTree = "<group>"; };
		C478FCCD2C4E54C2006998D6 /* Base */ = {isa = PBXFileReference; lastKnownFileType = file.storyboard; name = Base; path = Base.lproj/LaunchScreen.storyboard; sourceTree = "<group>"; };
		C478FCCF2C4E54C2006998D6 /* Info.plist */ = {isa = PBXFileReference; lastKnownFileType = text.plist.xml; path = Info.plist; sourceTree = "<group>"; };
		C478FCD62C4E5560006998D6 /* .gitignore */ = {isa = PBXFileReference; lastKnownFileType = text; path = .gitignore; sourceTree = "<group>"; };
		C478FCDF2C4E6170006998D6 /* OnboardingViewController.swift */ = {isa = PBXFileReference; lastKnownFileType = sourcecode.swift; path = OnboardingViewController.swift; sourceTree = "<group>"; };
		C478FCE32C4E61D0006998D6 /* BaseViewController.swift */ = {isa = PBXFileReference; lastKnownFileType = sourcecode.swift; path = BaseViewController.swift; sourceTree = "<group>"; };
		C478FCE62C4E620F006998D6 /* Reusable.swift */ = {isa = PBXFileReference; lastKnownFileType = sourcecode.swift; path = Reusable.swift; sourceTree = "<group>"; };
		C478FCEA2C4E62CA006998D6 /* UIView+.swift */ = {isa = PBXFileReference; lastKnownFileType = sourcecode.swift; path = "UIView+.swift"; sourceTree = "<group>"; };
/* End PBXFileReference section */

/* Begin PBXFrameworksBuildPhase section */
		C478FCBB2C4E54C1006998D6 /* Frameworks */ = {
			isa = PBXFrameworksBuildPhase;
			buildActionMask = 2147483647;
			files = (
			);
			runOnlyForDeploymentPostprocessing = 0;
		};
/* End PBXFrameworksBuildPhase section */

/* Begin PBXGroup section */
		C478FCB52C4E54C1006998D6 = {
			isa = PBXGroup;
			children = (
				C478FCD62C4E5560006998D6 /* .gitignore */,
				C478FCC02C4E54C2006998D6 /* mood-folio */,
				C478FCBF2C4E54C2006998D6 /* Products */,
			);
			sourceTree = "<group>";
		};
		C478FCBF2C4E54C2006998D6 /* Products */ = {
			isa = PBXGroup;
			children = (
				C478FCBE2C4E54C2006998D6 /* mood-folio.app */,
			);
			name = Products;
			sourceTree = "<group>";
		};
		C478FCC02C4E54C2006998D6 /* mood-folio */ = {
			isa = PBXGroup;
			children = (
				C478FCE82C4E62BA006998D6 /* Extension */,
				C478FCE52C4E61F5006998D6 /* Protocol */,
				C478FCE12C4E617E006998D6 /* Base */,
				C478FCDD2C4E615B006998D6 /* Presentation */,
				C478FCD52C4E5546006998D6 /* Application */,
				C478FCCA2C4E54C2006998D6 /* Assets.xcassets */,
				C478FCCC2C4E54C2006998D6 /* LaunchScreen.storyboard */,
				C478FCCF2C4E54C2006998D6 /* Info.plist */,
			);
			path = "mood-folio";
			sourceTree = "<group>";
		};
		C478FCD52C4E5546006998D6 /* Application */ = {
			isa = PBXGroup;
			children = (
				C478FCC12C4E54C2006998D6 /* AppDelegate.swift */,
				C478FCC32C4E54C2006998D6 /* SceneDelegate.swift */,
			);
			path = Application;
			sourceTree = "<group>";
		};
		C478FCDD2C4E615B006998D6 /* Presentation */ = {
			isa = PBXGroup;
			children = (
				C478FCDE2C4E6163006998D6 /* Onboarding */,
			);
			path = Presentation;
			sourceTree = "<group>";
		};
		C478FCDE2C4E6163006998D6 /* Onboarding */ = {
			isa = PBXGroup;
			children = (
				C478FCDF2C4E6170006998D6 /* OnboardingViewController.swift */,
			);
			path = Onboarding;
			sourceTree = "<group>";
		};
		C478FCE12C4E617E006998D6 /* Base */ = {
			isa = PBXGroup;
			children = (
				C478FCE32C4E61D0006998D6 /* BaseViewController.swift */,
			);
			path = Base;
			sourceTree = "<group>";
		};
		C478FCE52C4E61F5006998D6 /* Protocol */ = {
			isa = PBXGroup;
			children = (
				C478FCE62C4E620F006998D6 /* Reusable.swift */,
			);
			path = Protocol;
			sourceTree = "<group>";
		};
		C478FCE82C4E62BA006998D6 /* Extension */ = {
			isa = PBXGroup;
			children = (
				C478FCEA2C4E62CA006998D6 /* UIView+.swift */,
			);
			path = Extension;
			sourceTree = "<group>";
		};
/* End PBXGroup section */

/* Begin PBXNativeTarget section */
		C478FCBD2C4E54C1006998D6 /* mood-folio */ = {
			isa = PBXNativeTarget;
			buildConfigurationList = C478FCD22C4E54C2006998D6 /* Build configuration list for PBXNativeTarget "mood-folio" */;
			buildPhases = (
				C478FCBA2C4E54C1006998D6 /* Sources */,
				C478FCBB2C4E54C1006998D6 /* Frameworks */,
				C478FCBC2C4E54C1006998D6 /* Resources */,
			);
			buildRules = (
			);
			dependencies = (
			);
			name = "mood-folio";
			productName = "mood-folio";
			productReference = C478FCBE2C4E54C2006998D6 /* mood-folio.app */;
			productType = "com.apple.product-type.application";
		};
/* End PBXNativeTarget section */

/* Begin PBXProject section */
		C478FCB62C4E54C1006998D6 /* Project object */ = {
			isa = PBXProject;
			attributes = {
				BuildIndependentTargetsInParallel = 1;
				LastSwiftUpdateCheck = 1540;
				LastUpgradeCheck = 1540;
				TargetAttributes = {
					C478FCBD2C4E54C1006998D6 = {
						CreatedOnToolsVersion = 15.4;
					};
				};
			};
			buildConfigurationList = C478FCB92C4E54C1006998D6 /* Build configuration list for PBXProject "mood-folio" */;
			compatibilityVersion = "Xcode 14.0";
			developmentRegion = en;
			hasScannedForEncodings = 0;
			knownRegions = (
				en,
				Base,
			);
			mainGroup = C478FCB52C4E54C1006998D6;
			productRefGroup = C478FCBF2C4E54C2006998D6 /* Products */;
			projectDirPath = "";
			projectRoot = "";
			targets = (
				C478FCBD2C4E54C1006998D6 /* mood-folio */,
			);
		};
/* End PBXProject section */

/* Begin PBXResourcesBuildPhase section */
		C478FCBC2C4E54C1006998D6 /* Resources */ = {
			isa = PBXResourcesBuildPhase;
			buildActionMask = 2147483647;
			files = (
				C478FCCB2C4E54C2006998D6 /* Assets.xcassets in Resources */,
				C478FCD72C4E5560006998D6 /* .gitignore in Resources */,
				C478FCCE2C4E54C2006998D6 /* Base in Resources */,
			);
			runOnlyForDeploymentPostprocessing = 0;
		};
/* End PBXResourcesBuildPhase section */

/* Begin PBXSourcesBuildPhase section */
		C478FCBA2C4E54C1006998D6 /* Sources */ = {
			isa = PBXSourcesBuildPhase;
			buildActionMask = 2147483647;
			files = (
				C478FCEB2C4E62CA006998D6 /* UIView+.swift in Sources */,
				C478FCC22C4E54C2006998D6 /* AppDelegate.swift in Sources */,
				C478FCE42C4E61D0006998D6 /* BaseViewController.swift in Sources */,
				C478FCE02C4E6170006998D6 /* OnboardingViewController.swift in Sources */,
				C478FCE72C4E620F006998D6 /* Reusable.swift in Sources */,
				C478FCC42C4E54C2006998D6 /* SceneDelegate.swift in Sources */,
			);
			runOnlyForDeploymentPostprocessing = 0;
		};
/* End PBXSourcesBuildPhase section */

/* Begin PBXVariantGroup section */
		C478FCCC2C4E54C2006998D6 /* LaunchScreen.storyboard */ = {
			isa = PBXVariantGroup;
			children = (
				C478FCCD2C4E54C2006998D6 /* Base */,
			);
			name = LaunchScreen.storyboard;
			sourceTree = "<group>";
		};
/* End PBXVariantGroup section */

/* Begin XCBuildConfiguration section */
		C478FCD02C4E54C2006998D6 /* Debug */ = {
			isa = XCBuildConfiguration;
			buildSettings = {
				ALWAYS_SEARCH_USER_PATHS = NO;
				ASSETCATALOG_COMPILER_GENERATE_SWIFT_ASSET_SYMBOL_EXTENSIONS = YES;
				CLANG_ANALYZER_NONNULL = YES;
				CLANG_ANALYZER_NUMBER_OBJECT_CONVERSION = YES_AGGRESSIVE;
				CLANG_CXX_LANGUAGE_STANDARD = "gnu++20";
				CLANG_ENABLE_MODULES = YES;
				CLANG_ENABLE_OBJC_ARC = YES;
				CLANG_ENABLE_OBJC_WEAK = YES;
				CLANG_WARN_BLOCK_CAPTURE_AUTORELEASING = YES;
				CLANG_WARN_BOOL_CONVERSION = YES;
				CLANG_WARN_COMMA = YES;
				CLANG_WARN_CONSTANT_CONVERSION = YES;
				CLANG_WARN_DEPRECATED_OBJC_IMPLEMENTATIONS = YES;
				CLANG_WARN_DIRECT_OBJC_ISA_USAGE = YES_ERROR;
				CLANG_WARN_DOCUMENTATION_COMMENTS = YES;
				CLANG_WARN_EMPTY_BODY = YES;
				CLANG_WARN_ENUM_CONVERSION = YES;
				CLANG_WARN_INFINITE_RECURSION = YES;
				CLANG_WARN_INT_CONVERSION = YES;
				CLANG_WARN_NON_LITERAL_NULL_CONVERSION = YES;
				CLANG_WARN_OBJC_IMPLICIT_RETAIN_SELF = YES;
				CLANG_WARN_OBJC_LITERAL_CONVERSION = YES;
				CLANG_WARN_OBJC_ROOT_CLASS = YES_ERROR;
				CLANG_WARN_QUOTED_INCLUDE_IN_FRAMEWORK_HEADER = YES;
				CLANG_WARN_RANGE_LOOP_ANALYSIS = YES;
				CLANG_WARN_STRICT_PROTOTYPES = YES;
				CLANG_WARN_SUSPICIOUS_MOVE = YES;
				CLANG_WARN_UNGUARDED_AVAILABILITY = YES_AGGRESSIVE;
				CLANG_WARN_UNREACHABLE_CODE = YES;
				CLANG_WARN__DUPLICATE_METHOD_MATCH = YES;
				COPY_PHASE_STRIP = NO;
				DEBUG_INFORMATION_FORMAT = dwarf;
				ENABLE_STRICT_OBJC_MSGSEND = YES;
				ENABLE_TESTABILITY = YES;
				ENABLE_USER_SCRIPT_SANDBOXING = YES;
				GCC_C_LANGUAGE_STANDARD = gnu17;
				GCC_DYNAMIC_NO_PIC = NO;
				GCC_NO_COMMON_BLOCKS = YES;
				GCC_OPTIMIZATION_LEVEL = 0;
				GCC_PREPROCESSOR_DEFINITIONS = (
					"DEBUG=1",
					"$(inherited)",
				);
				GCC_WARN_64_TO_32_BIT_CONVERSION = YES;
				GCC_WARN_ABOUT_RETURN_TYPE = YES_ERROR;
				GCC_WARN_UNDECLARED_SELECTOR = YES;
				GCC_WARN_UNINITIALIZED_AUTOS = YES_AGGRESSIVE;
				GCC_WARN_UNUSED_FUNCTION = YES;
				GCC_WARN_UNUSED_VARIABLE = YES;
				IPHONEOS_DEPLOYMENT_TARGET = 17.5;
				LOCALIZATION_PREFERS_STRING_CATALOGS = YES;
				MTL_ENABLE_DEBUG_INFO = INCLUDE_SOURCE;
				MTL_FAST_MATH = YES;
				ONLY_ACTIVE_ARCH = YES;
				SDKROOT = iphoneos;
				SWIFT_ACTIVE_COMPILATION_CONDITIONS = "DEBUG $(inherited)";
				SWIFT_OPTIMIZATION_LEVEL = "-Onone";
			};
			name = Debug;
		};
		C478FCD12C4E54C2006998D6 /* Release */ = {
			isa = XCBuildConfiguration;
			buildSettings = {
				ALWAYS_SEARCH_USER_PATHS = NO;
				ASSETCATALOG_COMPILER_GENERATE_SWIFT_ASSET_SYMBOL_EXTENSIONS = YES;
				CLANG_ANALYZER_NONNULL = YES;
				CLANG_ANALYZER_NUMBER_OBJECT_CONVERSION = YES_AGGRESSIVE;
				CLANG_CXX_LANGUAGE_STANDARD = "gnu++20";
				CLANG_ENABLE_MODULES = YES;
				CLANG_ENABLE_OBJC_ARC = YES;
				CLANG_ENABLE_OBJC_WEAK = YES;
				CLANG_WARN_BLOCK_CAPTURE_AUTORELEASING = YES;
				CLANG_WARN_BOOL_CONVERSION = YES;
				CLANG_WARN_COMMA = YES;
				CLANG_WARN_CONSTANT_CONVERSION = YES;
				CLANG_WARN_DEPRECATED_OBJC_IMPLEMENTATIONS = YES;
				CLANG_WARN_DIRECT_OBJC_ISA_USAGE = YES_ERROR;
				CLANG_WARN_DOCUMENTATION_COMMENTS = YES;
				CLANG_WARN_EMPTY_BODY = YES;
				CLANG_WARN_ENUM_CONVERSION = YES;
				CLANG_WARN_INFINITE_RECURSION = YES;
				CLANG_WARN_INT_CONVERSION = YES;
				CLANG_WARN_NON_LITERAL_NULL_CONVERSION = YES;
				CLANG_WARN_OBJC_IMPLICIT_RETAIN_SELF = YES;
				CLANG_WARN_OBJC_LITERAL_CONVERSION = YES;
				CLANG_WARN_OBJC_ROOT_CLASS = YES_ERROR;
				CLANG_WARN_QUOTED_INCLUDE_IN_FRAMEWORK_HEADER = YES;
				CLANG_WARN_RANGE_LOOP_ANALYSIS = YES;
				CLANG_WARN_STRICT_PROTOTYPES = YES;
				CLANG_WARN_SUSPICIOUS_MOVE = YES;
				CLANG_WARN_UNGUARDED_AVAILABILITY = YES_AGGRESSIVE;
				CLANG_WARN_UNREACHABLE_CODE = YES;
				CLANG_WARN__DUPLICATE_METHOD_MATCH = YES;
				COPY_PHASE_STRIP = NO;
				DEBUG_INFORMATION_FORMAT = "dwarf-with-dsym";
				ENABLE_NS_ASSERTIONS = NO;
				ENABLE_STRICT_OBJC_MSGSEND = YES;
				ENABLE_USER_SCRIPT_SANDBOXING = YES;
				GCC_C_LANGUAGE_STANDARD = gnu17;
				GCC_NO_COMMON_BLOCKS = YES;
				GCC_WARN_64_TO_32_BIT_CONVERSION = YES;
				GCC_WARN_ABOUT_RETURN_TYPE = YES_ERROR;
				GCC_WARN_UNDECLARED_SELECTOR = YES;
				GCC_WARN_UNINITIALIZED_AUTOS = YES_AGGRESSIVE;
				GCC_WARN_UNUSED_FUNCTION = YES;
				GCC_WARN_UNUSED_VARIABLE = YES;
				IPHONEOS_DEPLOYMENT_TARGET = 17.5;
				LOCALIZATION_PREFERS_STRING_CATALOGS = YES;
				MTL_ENABLE_DEBUG_INFO = NO;
				MTL_FAST_MATH = YES;
				SDKROOT = iphoneos;
				SWIFT_COMPILATION_MODE = wholemodule;
				VALIDATE_PRODUCT = YES;
			};
			name = Release;
		};
		C478FCD32C4E54C2006998D6 /* Debug */ = {
			isa = XCBuildConfiguration;
			buildSettings = {
				ASSETCATALOG_COMPILER_APPICON_NAME = AppIcon;
				ASSETCATALOG_COMPILER_GLOBAL_ACCENT_COLOR_NAME = AccentColor;
				CODE_SIGN_STYLE = Automatic;
				CURRENT_PROJECT_VERSION = 1;
				DEVELOPMENT_TEAM = 95Z2W8U6PK;
				GENERATE_INFOPLIST_FILE = YES;
				INFOPLIST_FILE = "mood-folio/Info.plist";
				INFOPLIST_KEY_CFBundleDisplayName = "Mood Folio";
				INFOPLIST_KEY_UIApplicationSupportsIndirectInputEvents = YES;
				INFOPLIST_KEY_UILaunchStoryboardName = LaunchScreen;
				INFOPLIST_KEY_UISupportedInterfaceOrientations = UIInterfaceOrientationPortrait;
				INFOPLIST_KEY_UISupportedInterfaceOrientations_iPad = "UIInterfaceOrientationLandscapeLeft UIInterfaceOrientationLandscapeRight UIInterfaceOrientationPortrait UIInterfaceOrientationPortraitUpsideDown";
				IPHONEOS_DEPLOYMENT_TARGET = 15.0;
				LD_RUNPATH_SEARCH_PATHS = (
					"$(inherited)",
					"@executable_path/Frameworks",
				);
				MARKETING_VERSION = 1.0;
				PRODUCT_BUNDLE_IDENTIFIER = "com.junehee.mood-folio";
				PRODUCT_NAME = "$(TARGET_NAME)";
				SUPPORTED_PLATFORMS = "iphoneos iphonesimulator";
				SUPPORTS_MACCATALYST = NO;
				SUPPORTS_MAC_DESIGNED_FOR_IPHONE_IPAD = NO;
				SUPPORTS_XR_DESIGNED_FOR_IPHONE_IPAD = NO;
				SWIFT_EMIT_LOC_STRINGS = YES;
				SWIFT_VERSION = 5.0;
				TARGETED_DEVICE_FAMILY = 1;
			};
			name = Debug;
		};
		C478FCD42C4E54C2006998D6 /* Release */ = {
			isa = XCBuildConfiguration;
			buildSettings = {
				ASSETCATALOG_COMPILER_APPICON_NAME = AppIcon;
				ASSETCATALOG_COMPILER_GLOBAL_ACCENT_COLOR_NAME = AccentColor;
				CODE_SIGN_STYLE = Automatic;
				CURRENT_PROJECT_VERSION = 1;
				DEVELOPMENT_TEAM = 95Z2W8U6PK;
				GENERATE_INFOPLIST_FILE = YES;
				INFOPLIST_FILE = "mood-folio/Info.plist";
				INFOPLIST_KEY_CFBundleDisplayName = "Mood Folio";
				INFOPLIST_KEY_UIApplicationSupportsIndirectInputEvents = YES;
				INFOPLIST_KEY_UILaunchStoryboardName = LaunchScreen;
				INFOPLIST_KEY_UISupportedInterfaceOrientations = UIInterfaceOrientationPortrait;
				INFOPLIST_KEY_UISupportedInterfaceOrientations_iPad = "UIInterfaceOrientationLandscapeLeft UIInterfaceOrientationLandscapeRight UIInterfaceOrientationPortrait UIInterfaceOrientationPortraitUpsideDown";
				IPHONEOS_DEPLOYMENT_TARGET = 15.0;
				LD_RUNPATH_SEARCH_PATHS = (
					"$(inherited)",
					"@executable_path/Frameworks",
				);
				MARKETING_VERSION = 1.0;
				PRODUCT_BUNDLE_IDENTIFIER = "com.junehee.mood-folio";
				PRODUCT_NAME = "$(TARGET_NAME)";
				SUPPORTED_PLATFORMS = "iphoneos iphonesimulator";
				SUPPORTS_MACCATALYST = NO;
				SUPPORTS_MAC_DESIGNED_FOR_IPHONE_IPAD = NO;
				SUPPORTS_XR_DESIGNED_FOR_IPHONE_IPAD = NO;
				SWIFT_EMIT_LOC_STRINGS = YES;
				SWIFT_VERSION = 5.0;
				TARGETED_DEVICE_FAMILY = 1;
			};
			name = Release;
		};
/* End XCBuildConfiguration section */

/* Begin XCConfigurationList section */
		C478FCB92C4E54C1006998D6 /* Build configuration list for PBXProject "mood-folio" */ = {
			isa = XCConfigurationList;
			buildConfigurations = (
				C478FCD02C4E54C2006998D6 /* Debug */,
				C478FCD12C4E54C2006998D6 /* Release */,
			);
			defaultConfigurationIsVisible = 0;
			defaultConfigurationName = Release;
		};
		C478FCD22C4E54C2006998D6 /* Build configuration list for PBXNativeTarget "mood-folio" */ = {
			isa = XCConfigurationList;
			buildConfigurations = (
				C478FCD32C4E54C2006998D6 /* Debug */,
				C478FCD42C4E54C2006998D6 /* Release */,
			);
			defaultConfigurationIsVisible = 0;
			defaultConfigurationName = Release;
		};
/* End XCConfigurationList section */
	};
	rootObject = C478FCB62C4E54C1006998D6 /* Project object */;
}
